
Microsoft Visual Studio Solution File, Format Version 12.00
# Visual Studio Version 17
VisualStudioVersion = 17.12.35417.141
MinimumVisualStudioVersion = 10.0.40219.1
Project("{2150E333-8FDC-42A3-9474-1A3956D46DE8}") = "Bootstrapper", "Bootstrapper", "{2185C97C-DB9A-40D4-8C54-B2E9E886CE94}"
EndProject
Project("{2150E333-8FDC-42A3-9474-1A3956D46DE8}") = "Modules", "Modules", "{A746C270-EEE9-4F5F-BD43-6B10E5730EE6}"
EndProject
Project("{2150E333-8FDC-42A3-9474-1A3956D46DE8}") = "Shared", "Shared", "{F9A0E481-1074-49C4-A68F-E7BE243322FA}"
EndProject
Project("{FAE04EC0-301F-11D3-BF4B-00C04F79EFBC}") = "Api", "Bootstrapper\Api\Api.csproj", "{8C0AB065-448E-47E3-97B8-4709D458FD54}"
EndProject
Project("{2150E333-8FDC-42A3-9474-1A3956D46DE8}") = "Catalog", "Catalog", "{F54429D3-6CDE-4A3E-9C30-0337695127B8}"
EndProject
Project("{2150E333-8FDC-42A3-9474-1A3956D46DE8}") = "Ordering", "Ordering", "{9CEC52A1-760B-4A51-9A1B-8EE5600E7B89}"
EndProject
Project("{2150E333-8FDC-42A3-9474-1A3956D46DE8}") = "Basket", "Basket", "{4137146C-1175-443B-A3EF-03E24035CA3D}"
EndProject
Project("{FAE04EC0-301F-11D3-BF4B-00C04F79EFBC}") = "Catalog", "Modules\Catalog\Catalog\Catalog.csproj", "{DFB88F46-7AA5-4C19-B7FE-E6C74FE03763}"
EndProject
Project("{FAE04EC0-301F-11D3-BF4B-00C04F79EFBC}") = "Basket", "Modules\Basket\Basket\Basket.csproj", "{B7A025C8-2F12-45D3-A044-9C018840A946}"
EndProject
Project("{FAE04EC0-301F-11D3-BF4B-00C04F79EFBC}") = "Ordering", "Modules\Ordering\Ordering\Ordering.csproj", "{7612B7DC-C0DC-4CAB-8A7A-A422C56D9033}"
EndProject
Project("{FAE04EC0-301F-11D3-BF4B-00C04F79EFBC}") = "Shared", "Shared\Shared\Shared.csproj", "{33694858-E062-48BB-A607-694649478289}"
EndProject
Project("{E53339B2-1760-4266-BCC7-CA923CBCF16C}") = "docker-compose", "docker-compose.dcproj", "{88C81E28-3FEB-4DE3-AA89-C0950D6F9657}"
EndProject
Project("{2150E333-8FDC-42A3-9474-1A3956D46DE8}") = "Solution Items", "Solution Items", "{84BEEA01-3B1D-4349-8B55-564096B71580}"
	ProjectSection(SolutionItems) = preProject
		.editorconfig = .editorconfig
	EndProjectSection
EndProject
Project("{FAE04EC0-301F-11D3-BF4B-00C04F79EFBC}") = "Shared.Contracts", "Shared\Shared.Contracts\Shared.Contracts.csproj", "{43EBD29A-934F-4532-A016-665E83A4A02A}"
EndProject
Project("{FAE04EC0-301F-11D3-BF4B-00C04F79EFBC}") = "Catalog.Contracts", "Modules\Catalog\Catalog.Contracts\Catalog.Contracts.csproj", "{991AFAE0-D9E0-4CFC-AF5C-B2A8F6F676B3}"
EndProject
Project("{FAE04EC0-301F-11D3-BF4B-00C04F79EFBC}") = "Shared.Messaging", "Shared\Shared.Messaging\Shared.Messaging.csproj", "{24D810F4-3ACE-418D-BB34-A3E059064175}"
EndProject
Global
	GlobalSection(SolutionConfigurationPlatforms) = preSolution
		Debug|Any CPU = Debug|Any CPU
		Release|Any CPU = Release|Any CPU
	EndGlobalSection
	GlobalSection(ProjectConfigurationPlatforms) = postSolution
		{8C0AB065-448E-47E3-97B8-4709D458FD54}.Debug|Any CPU.ActiveCfg = Debug|Any CPU
		{8C0AB065-448E-47E3-97B8-4709D458FD54}.Debug|Any CPU.Build.0 = Debug|Any CPU
		{8C0AB065-448E-47E3-97B8-4709D458FD54}.Release|Any CPU.ActiveCfg = Release|Any CPU
		{8C0AB065-448E-47E3-97B8-4709D458FD54}.Release|Any CPU.Build.0 = Release|Any CPU
		{DFB88F46-7AA5-4C19-B7FE-E6C74FE03763}.Debug|Any CPU.ActiveCfg = Debug|Any CPU
		{DFB88F46-7AA5-4C19-B7FE-E6C74FE03763}.Debug|Any CPU.Build.0 = Debug|Any CPU
		{DFB88F46-7AA5-4C19-B7FE-E6C74FE03763}.Release|Any CPU.ActiveCfg = Release|Any CPU
		{DFB88F46-7AA5-4C19-B7FE-E6C74FE03763}.Release|Any CPU.Build.0 = Release|Any CPU
		{B7A025C8-2F12-45D3-A044-9C018840A946}.Debug|Any CPU.ActiveCfg = Debug|Any CPU
		{B7A025C8-2F12-45D3-A044-9C018840A946}.Debug|Any CPU.Build.0 = Debug|Any CPU
		{B7A025C8-2F12-45D3-A044-9C018840A946}.Release|Any CPU.ActiveCfg = Release|Any CPU
		{B7A025C8-2F12-45D3-A044-9C018840A946}.Release|Any CPU.Build.0 = Release|Any CPU
		{7612B7DC-C0DC-4CAB-8A7A-A422C56D9033}.Debug|Any CPU.ActiveCfg = Debug|Any CPU
		{7612B7DC-C0DC-4CAB-8A7A-A422C56D9033}.Debug|Any CPU.Build.0 = Debug|Any CPU
		{7612B7DC-C0DC-4CAB-8A7A-A422C56D9033}.Release|Any CPU.ActiveCfg = Release|Any CPU
		{7612B7DC-C0DC-4CAB-8A7A-A422C56D9033}.Release|Any CPU.Build.0 = Release|Any CPU
		{33694858-E062-48BB-A607-694649478289}.Debug|Any CPU.ActiveCfg = Debug|Any CPU
		{33694858-E062-48BB-A607-694649478289}.Debug|Any CPU.Build.0 = Debug|Any CPU
		{33694858-E062-48BB-A607-694649478289}.Release|Any CPU.ActiveCfg = Release|Any CPU
		{33694858-E062-48BB-A607-694649478289}.Release|Any CPU.Build.0 = Release|Any CPU
		{88C81E28-3FEB-4DE3-AA89-C0950D6F9657}.Debug|Any CPU.ActiveCfg = Debug|Any CPU
		{88C81E28-3FEB-4DE3-AA89-C0950D6F9657}.Debug|Any CPU.Build.0 = Debug|Any CPU
		{88C81E28-3FEB-4DE3-AA89-C0950D6F9657}.Release|Any CPU.ActiveCfg = Release|Any CPU
		{88C81E28-3FEB-4DE3-AA89-C0950D6F9657}.Release|Any CPU.Build.0 = Release|Any CPU
		{43EBD29A-934F-4532-A016-665E83A4A02A}.Debug|Any CPU.ActiveCfg = Debug|Any CPU
		{43EBD29A-934F-4532-A016-665E83A4A02A}.Debug|Any CPU.Build.0 = Debug|Any CPU
		{43EBD29A-934F-4532-A016-665E83A4A02A}.Release|Any CPU.ActiveCfg = Release|Any CPU
		{43EBD29A-934F-4532-A016-665E83A4A02A}.Release|Any CPU.Build.0 = Release|Any CPU
		{991AFAE0-D9E0-4CFC-AF5C-B2A8F6F676B3}.Debug|Any CPU.ActiveCfg = Debug|Any CPU
		{991AFAE0-D9E0-4CFC-AF5C-B2A8F6F676B3}.Debug|Any CPU.Build.0 = Debug|Any CPU
		{991AFAE0-D9E0-4CFC-AF5C-B2A8F6F676B3}.Release|Any CPU.ActiveCfg = Release|Any CPU
		{991AFAE0-D9E0-4CFC-AF5C-B2A8F6F676B3}.Release|Any CPU.Build.0 = Release|Any CPU
		{24D810F4-3ACE-418D-BB34-A3E059064175}.Debug|Any CPU.ActiveCfg = Debug|Any CPU
		{24D810F4-3ACE-418D-BB34-A3E059064175}.Debug|Any CPU.Build.0 = Debug|Any CPU
		{24D810F4-3ACE-418D-BB34-A3E059064175}.Release|Any CPU.ActiveCfg = Release|Any CPU
		{24D810F4-3ACE-418D-BB34-A3E059064175}.Release|Any CPU.Build.0 = Release|Any CPU
	EndGlobalSection
	GlobalSection(SolutionProperties) = preSolution
		HideSolutionNode = FALSE
	EndGlobalSection
	GlobalSection(NestedProjects) = preSolution
		{8C0AB065-448E-47E3-97B8-4709D458FD54} = {2185C97C-DB9A-40D4-8C54-B2E9E886CE94}
		{F54429D3-6CDE-4A3E-9C30-0337695127B8} = {A746C270-EEE9-4F5F-BD43-6B10E5730EE6}
		{9CEC52A1-760B-4A51-9A1B-8EE5600E7B89} = {A746C270-EEE9-4F5F-BD43-6B10E5730EE6}
		{4137146C-1175-443B-A3EF-03E24035CA3D} = {A746C270-EEE9-4F5F-BD43-6B10E5730EE6}
		{DFB88F46-7AA5-4C19-B7FE-E6C74FE03763} = {F54429D3-6CDE-4A3E-9C30-0337695127B8}
		{B7A025C8-2F12-45D3-A044-9C018840A946} = {4137146C-1175-443B-A3EF-03E24035CA3D}
		{7612B7DC-C0DC-4CAB-8A7A-A422C56D9033} = {9CEC52A1-760B-4A51-9A1B-8EE5600E7B89}
		{33694858-E062-48BB-A607-694649478289} = {F9A0E481-1074-49C4-A68F-E7BE243322FA}
		{43EBD29A-934F-4532-A016-665E83A4A02A} = {F9A0E481-1074-49C4-A68F-E7BE243322FA}
		{991AFAE0-D9E0-4CFC-AF5C-B2A8F6F676B3} = {F54429D3-6CDE-4A3E-9C30-0337695127B8}
		{24D810F4-3ACE-418D-BB34-A3E059064175} = {F9A0E481-1074-49C4-A68F-E7BE243322FA}
	EndGlobalSection
EndGlobal
